
Microsoft Visual Studio Solution File, Format Version 12.00
# Visual Studio Version 16
VisualStudioVersion = 16.0.31911.196
MinimumVisualStudioVersion = 10.0.40219.1
Project("{FAE04EC0-301F-11D3-BF4B-00C04F79EFBC}") = "Calculator", "Calculator\Calculator.csproj", "{B13FFF41-15F1-40C3-AE0F-A0C22BC33008}"
EndProject
Global
	GlobalSection(SolutionConfigurationPlatforms) = preSolution
		Debug|Any CPU = Debug|Any CPU
		Release|Any CPU = Release|Any CPU
	EndGlobalSection
	GlobalSection(ProjectConfigurationPlatforms) = postSolution
		{B13FFF41-15F1-40C3-AE0F-A0C22BC33008}.Debug|Any CPU.ActiveCfg = Debug|Any CPU
		{B13FFF41-15F1-40C3-AE0F-A0C22BC33008}.Debug|Any CPU.Build.0 = Debug|Any CPU
		{B13FFF41-15F1-40C3-AE0F-A0C22BC33008}.Release|Any CPU.ActiveCfg = Release|Any CPU
		{B13FFF41-15F1-40C3-AE0F-A0C22BC33008}.Release|Any CPU.Build.0 = Release|Any CPU
	EndGlobalSection
	GlobalSection(SolutionProperties) = preSolution
		HideSolutionNode = FALSE
	EndGlobalSection
	GlobalSection(ExtensibilityGlobals) = postSolution
		SolutionGuid = {C41F1C01-2ADC-4B72-B19A-A82D9FC74684}
	EndGlobalSection
EndGlobal
